
Microsoft Visual Studio Solution File, Format Version 12.00
# Visual Studio Version 17
VisualStudioVersion = 17.8.34316.72
MinimumVisualStudioVersion = 10.0.40219.1
Project("{FAE04EC0-301F-11D3-BF4B-00C04F79EFBC}") = "Funnybot", "Funnybot.csproj", "{08289FB6-CD89-4CEC-A21A-47D34FC0910E}"
EndProject
Global
	GlobalSection(SolutionConfigurationPlatforms) = preSolution
		Debug|Any CPU = Debug|Any CPU
		Release|Any CPU = Release|Any CPU
	EndGlobalSection
	GlobalSection(ProjectConfigurationPlatforms) = postSolution
		{08289FB6-CD89-4CEC-A21A-47D34FC0910E}.Debug|Any CPU.ActiveCfg = Debug|Any CPU
		{08289FB6-CD89-4CEC-A21A-47D34FC0910E}.Debug|Any CPU.Build.0 = Debug|Any CPU
		{08289FB6-CD89-4CEC-A21A-47D34FC0910E}.Release|Any CPU.ActiveCfg = Release|Any CPU
		{08289FB6-CD89-4CEC-A21A-47D34FC0910E}.Release|Any CPU.Build.0 = Release|Any CPU
	EndGlobalSection
	GlobalSection(SolutionProperties) = preSolution
		HideSolutionNode = FALSE
	EndGlobalSection
	GlobalSection(ExtensibilityGlobals) = postSolution
		SolutionGuid = {FBE0FB7D-249B-4D3C-BD8F-A56B5400E98A}
	EndGlobalSection
EndGlobal
